
Microsoft Visual Studio Solution File, Format Version 12.00
# Visual Studio Version 16
VisualStudioVersion = 16.0.34031.81
MinimumVisualStudioVersion = 10.0.40219.1
Project("{8BC9CEB8-8B4A-11D0-8D11-00A0C91BC942}") = "Operator", "Operator.vcxproj", "{6356DFC1-00A2-4A63-B9CA-14116990F88D}"
EndProject
Project("{8BC9CEB8-8B4A-11D0-8D11-00A0C91BC942}") = "Largest_num", "..\Largest_num\Largest_num.vcxproj", "{22B4EA12-4464-47E8-ACDE-7FFD26F3EC1D}"
EndProject
Project("{8BC9CEB8-8B4A-11D0-8D11-00A0C91BC942}") = "Average", "..\Average\Average.vcxproj", "{FB9D1A85-5D3D-4A96-8BEE-F04F52B938AF}"
EndProject
Project("{8BC9CEB8-8B4A-11D0-8D11-00A0C91BC942}") = "Print_num", "..\Print_num\Print_num.vcxproj", "{327068BA-0BD5-4675-8B7B-A66CEEFC7232}"
EndProject
Project("{8BC9CEB8-8B4A-11D0-8D11-00A0C91BC942}") = "Print_Score_Rank", "..\Print_Score_Rank\Print_Score_Rank.vcxproj", "{FCC5511C-BCAD-4C7A-9CD8-3552C7090BC3}"
EndProject
Project("{8BC9CEB8-8B4A-11D0-8D11-00A0C91BC942}") = "Power_Number", "..\Power_Number\Power_Number.vcxproj", "{F5CB7CCB-564B-4388-B309-51B29993BA8C}"
EndProject
Project("{8BC9CEB8-8B4A-11D0-8D11-00A0C91BC942}") = "Array_Pointer", "..\Array_Pointer\Array_Pointer.vcxproj", "{1381FE41-E303-4D34-99FF-D2CEA5BACF17}"
EndProject
Project("{8BC9CEB8-8B4A-11D0-8D11-00A0C91BC942}") = "Recursive_Algorithm", "..\Recursive_Algorithm\Recursive_Algorithm.vcxproj", "{053F24D5-D3A5-456C-85F5-C5D76E0460D4}"
EndProject
Project("{8BC9CEB8-8B4A-11D0-8D11-00A0C91BC942}") = "Selection_Sort", "..\Selection_Sort\Selection_Sort.vcxproj", "{F2F1C371-EE7E-410F-99BF-79376BD96B30}"
EndProject
Project("{8BC9CEB8-8B4A-11D0-8D11-00A0C91BC942}") = "Binary_Search", "..\Binary_Search\Binary_Search.vcxproj", "{0CC06A5F-F528-4B5D-BD4C-84B116AD44F8}"
EndProject
Project("{8BC9CEB8-8B4A-11D0-8D11-00A0C91BC942}") = "Calculator_STD", "..\Calculator_STD\Calculator_STD.vcxproj", "{A253D6DB-C154-4A23-A8E8-4A1F36C036DD}"
EndProject
Project("{8BC9CEB8-8B4A-11D0-8D11-00A0C91BC942}") = "Structure", "..\Structure\Structure.vcxproj", "{6415CD49-0F2C-492D-AA78-C830ED1D395B}"
EndProject
Project("{8BC9CEB8-8B4A-11D0-8D11-00A0C91BC942}") = "Magic_Square", "..\Magic_Square\Magic_Square.vcxproj", "{8291686D-5D4F-406F-8AAF-E273991C67C8}"
EndProject
Project("{8BC9CEB8-8B4A-11D0-8D11-00A0C91BC942}") = "Random", "..\Random\Random.vcxproj", "{533068FC-3962-413C-AD23-2C48DEEB2B7F}"
EndProject
Project("{8BC9CEB8-8B4A-11D0-8D11-00A0C91BC942}") = "LookUpTable", "..\LookUpTable\LookUpTable.vcxproj", "{CC77D33D-CDC3-4FE8-ADAC-F24B4E81156A}"
EndProject
Project("{8BC9CEB8-8B4A-11D0-8D11-00A0C91BC942}") = "PostPrefix", "..\PostPrefix\PostPrefix.vcxproj", "{F455F501-65E5-4CBD-84B0-0314DD92E358}"
EndProject
Global
	GlobalSection(SolutionConfigurationPlatforms) = preSolution
		Debug|x64 = Debug|x64
		Debug|x86 = Debug|x86
		Release|x64 = Release|x64
		Release|x86 = Release|x86
	EndGlobalSection
	GlobalSection(ProjectConfigurationPlatforms) = postSolution
		{6356DFC1-00A2-4A63-B9CA-14116990F88D}.Debug|x64.ActiveCfg = Debug|x64
		{6356DFC1-00A2-4A63-B9CA-14116990F88D}.Debug|x64.Build.0 = Debug|x64
		{6356DFC1-00A2-4A63-B9CA-14116990F88D}.Debug|x86.ActiveCfg = Debug|Win32
		{6356DFC1-00A2-4A63-B9CA-14116990F88D}.Debug|x86.Build.0 = Debug|Win32
		{6356DFC1-00A2-4A63-B9CA-14116990F88D}.Release|x64.ActiveCfg = Release|x64
		{6356DFC1-00A2-4A63-B9CA-14116990F88D}.Release|x64.Build.0 = Release|x64
		{6356DFC1-00A2-4A63-B9CA-14116990F88D}.Release|x86.ActiveCfg = Release|Win32
		{6356DFC1-00A2-4A63-B9CA-14116990F88D}.Release|x86.Build.0 = Release|Win32
		{22B4EA12-4464-47E8-ACDE-7FFD26F3EC1D}.Debug|x64.ActiveCfg = Debug|x64
		{22B4EA12-4464-47E8-ACDE-7FFD26F3EC1D}.Debug|x64.Build.0 = Debug|x64
		{22B4EA12-4464-47E8-ACDE-7FFD26F3EC1D}.Debug|x86.ActiveCfg = Debug|Win32
		{22B4EA12-4464-47E8-ACDE-7FFD26F3EC1D}.Debug|x86.Build.0 = Debug|Win32
		{22B4EA12-4464-47E8-ACDE-7FFD26F3EC1D}.Release|x64.ActiveCfg = Release|x64
		{22B4EA12-4464-47E8-ACDE-7FFD26F3EC1D}.Release|x64.Build.0 = Release|x64
		{22B4EA12-4464-47E8-ACDE-7FFD26F3EC1D}.Release|x86.ActiveCfg = Release|Win32
		{22B4EA12-4464-47E8-ACDE-7FFD26F3EC1D}.Release|x86.Build.0 = Release|Win32
		{FB9D1A85-5D3D-4A96-8BEE-F04F52B938AF}.Debug|x64.ActiveCfg = Debug|x64
		{FB9D1A85-5D3D-4A96-8BEE-F04F52B938AF}.Debug|x64.Build.0 = Debug|x64
		{FB9D1A85-5D3D-4A96-8BEE-F04F52B938AF}.Debug|x86.ActiveCfg = Debug|Win32
		{FB9D1A85-5D3D-4A96-8BEE-F04F52B938AF}.Debug|x86.Build.0 = Debug|Win32
		{FB9D1A85-5D3D-4A96-8BEE-F04F52B938AF}.Release|x64.ActiveCfg = Release|x64
		{FB9D1A85-5D3D-4A96-8BEE-F04F52B938AF}.Release|x64.Build.0 = Release|x64
		{FB9D1A85-5D3D-4A96-8BEE-F04F52B938AF}.Release|x86.ActiveCfg = Release|Win32
		{FB9D1A85-5D3D-4A96-8BEE-F04F52B938AF}.Release|x86.Build.0 = Release|Win32
		{327068BA-0BD5-4675-8B7B-A66CEEFC7232}.Debug|x64.ActiveCfg = Debug|x64
		{327068BA-0BD5-4675-8B7B-A66CEEFC7232}.Debug|x64.Build.0 = Debug|x64
		{327068BA-0BD5-4675-8B7B-A66CEEFC7232}.Debug|x86.ActiveCfg = Debug|Win32
		{327068BA-0BD5-4675-8B7B-A66CEEFC7232}.Debug|x86.Build.0 = Debug|Win32
		{327068BA-0BD5-4675-8B7B-A66CEEFC7232}.Release|x64.ActiveCfg = Release|x64
		{327068BA-0BD5-4675-8B7B-A66CEEFC7232}.Release|x64.Build.0 = Release|x64
		{327068BA-0BD5-4675-8B7B-A66CEEFC7232}.Release|x86.ActiveCfg = Release|Win32
		{327068BA-0BD5-4675-8B7B-A66CEEFC7232}.Release|x86.Build.0 = Release|Win32
		{FCC5511C-BCAD-4C7A-9CD8-3552C7090BC3}.Debug|x64.ActiveCfg = Debug|x64
		{FCC5511C-BCAD-4C7A-9CD8-3552C7090BC3}.Debug|x64.Build.0 = Debug|x64
		{FCC5511C-BCAD-4C7A-9CD8-3552C7090BC3}.Debug|x86.ActiveCfg = Debug|Win32
		{FCC5511C-BCAD-4C7A-9CD8-3552C7090BC3}.Debug|x86.Build.0 = Debug|Win32
		{FCC5511C-BCAD-4C7A-9CD8-3552C7090BC3}.Release|x64.ActiveCfg = Release|x64
		{FCC5511C-BCAD-4C7A-9CD8-3552C7090BC3}.Release|x64.Build.0 = Release|x64
		{FCC5511C-BCAD-4C7A-9CD8-3552C7090BC3}.Release|x86.ActiveCfg = Release|Win32
		{FCC5511C-BCAD-4C7A-9CD8-3552C7090BC3}.Release|x86.Build.0 = Release|Win32
		{F5CB7CCB-564B-4388-B309-51B29993BA8C}.Debug|x64.ActiveCfg = Debug|x64
		{F5CB7CCB-564B-4388-B309-51B29993BA8C}.Debug|x64.Build.0 = Debug|x64
		{F5CB7CCB-564B-4388-B309-51B29993BA8C}.Debug|x86.ActiveCfg = Debug|Win32
		{F5CB7CCB-564B-4388-B309-51B29993BA8C}.Debug|x86.Build.0 = Debug|Win32
		{F5CB7CCB-564B-4388-B309-51B29993BA8C}.Release|x64.ActiveCfg = Release|x64
		{F5CB7CCB-564B-4388-B309-51B29993BA8C}.Release|x64.Build.0 = Release|x64
		{F5CB7CCB-564B-4388-B309-51B29993BA8C}.Release|x86.ActiveCfg = Release|Win32
		{F5CB7CCB-564B-4388-B309-51B29993BA8C}.Release|x86.Build.0 = Release|Win32
		{1381FE41-E303-4D34-99FF-D2CEA5BACF17}.Debug|x64.ActiveCfg = Debug|x64
		{1381FE41-E303-4D34-99FF-D2CEA5BACF17}.Debug|x64.Build.0 = Debug|x64
		{1381FE41-E303-4D34-99FF-D2CEA5BACF17}.Debug|x86.ActiveCfg = Debug|Win32
		{1381FE41-E303-4D34-99FF-D2CEA5BACF17}.Debug|x86.Build.0 = Debug|Win32
		{1381FE41-E303-4D34-99FF-D2CEA5BACF17}.Release|x64.ActiveCfg = Release|x64
		{1381FE41-E303-4D34-99FF-D2CEA5BACF17}.Release|x64.Build.0 = Release|x64
		{1381FE41-E303-4D34-99FF-D2CEA5BACF17}.Release|x86.ActiveCfg = Release|Win32
		{1381FE41-E303-4D34-99FF-D2CEA5BACF17}.Release|x86.Build.0 = Release|Win32
		{053F24D5-D3A5-456C-85F5-C5D76E0460D4}.Debug|x64.ActiveCfg = Debug|x64
		{053F24D5-D3A5-456C-85F5-C5D76E0460D4}.Debug|x64.Build.0 = Debug|x64
		{053F24D5-D3A5-456C-85F5-C5D76E0460D4}.Debug|x86.ActiveCfg = Debug|Win32
		{053F24D5-D3A5-456C-85F5-C5D76E0460D4}.Debug|x86.Build.0 = Debug|Win32
		{053F24D5-D3A5-456C-85F5-C5D76E0460D4}.Release|x64.ActiveCfg = Release|x64
		{053F24D5-D3A5-456C-85F5-C5D76E0460D4}.Release|x64.Build.0 = Release|x64
		{053F24D5-D3A5-456C-85F5-C5D76E0460D4}.Release|x86.ActiveCfg = Release|Win32
		{053F24D5-D3A5-456C-85F5-C5D76E0460D4}.Release|x86.Build.0 = Release|Win32
		{F2F1C371-EE7E-410F-99BF-79376BD96B30}.Debug|x64.ActiveCfg = Debug|x64
		{F2F1C371-EE7E-410F-99BF-79376BD96B30}.Debug|x64.Build.0 = Debug|x64
		{F2F1C371-EE7E-410F-99BF-79376BD96B30}.Debug|x86.ActiveCfg = Debug|Win32
		{F2F1C371-EE7E-410F-99BF-79376BD96B30}.Debug|x86.Build.0 = Debug|Win32
		{F2F1C371-EE7E-410F-99BF-79376BD96B30}.Release|x64.ActiveCfg = Release|x64
		{F2F1C371-EE7E-410F-99BF-79376BD96B30}.Release|x64.Build.0 = Release|x64
		{F2F1C371-EE7E-410F-99BF-79376BD96B30}.Release|x86.ActiveCfg = Release|Win32
		{F2F1C371-EE7E-410F-99BF-79376BD96B30}.Release|x86.Build.0 = Release|Win32
		{0CC06A5F-F528-4B5D-BD4C-84B116AD44F8}.Debug|x64.ActiveCfg = Debug|x64
		{0CC06A5F-F528-4B5D-BD4C-84B116AD44F8}.Debug|x64.Build.0 = Debug|x64
		{0CC06A5F-F528-4B5D-BD4C-84B116AD44F8}.Debug|x86.ActiveCfg = Debug|Win32
		{0CC06A5F-F528-4B5D-BD4C-84B116AD44F8}.Debug|x86.Build.0 = Debug|Win32
		{0CC06A5F-F528-4B5D-BD4C-84B116AD44F8}.Release|x64.ActiveCfg = Release|x64
		{0CC06A5F-F528-4B5D-BD4C-84B116AD44F8}.Release|x64.Build.0 = Release|x64
		{0CC06A5F-F528-4B5D-BD4C-84B116AD44F8}.Release|x86.ActiveCfg = Release|Win32
		{0CC06A5F-F528-4B5D-BD4C-84B116AD44F8}.Release|x86.Build.0 = Release|Win32
		{A253D6DB-C154-4A23-A8E8-4A1F36C036DD}.Debug|x64.ActiveCfg = Debug|x64
		{A253D6DB-C154-4A23-A8E8-4A1F36C036DD}.Debug|x64.Build.0 = Debug|x64
		{A253D6DB-C154-4A23-A8E8-4A1F36C036DD}.Debug|x86.ActiveCfg = Debug|Win32
		{A253D6DB-C154-4A23-A8E8-4A1F36C036DD}.Debug|x86.Build.0 = Debug|Win32
		{A253D6DB-C154-4A23-A8E8-4A1F36C036DD}.Release|x64.ActiveCfg = Release|x64
		{A253D6DB-C154-4A23-A8E8-4A1F36C036DD}.Release|x64.Build.0 = Release|x64
		{A253D6DB-C154-4A23-A8E8-4A1F36C036DD}.Release|x86.ActiveCfg = Release|Win32
		{A253D6DB-C154-4A23-A8E8-4A1F36C036DD}.Release|x86.Build.0 = Release|Win32
		{6415CD49-0F2C-492D-AA78-C830ED1D395B}.Debug|x64.ActiveCfg = Debug|x64
		{6415CD49-0F2C-492D-AA78-C830ED1D395B}.Debug|x64.Build.0 = Debug|x64
		{6415CD49-0F2C-492D-AA78-C830ED1D395B}.Debug|x86.ActiveCfg = Debug|Win32
		{6415CD49-0F2C-492D-AA78-C830ED1D395B}.Debug|x86.Build.0 = Debug|Win32
		{6415CD49-0F2C-492D-AA78-C830ED1D395B}.Release|x64.ActiveCfg = Release|x64
		{6415CD49-0F2C-492D-AA78-C830ED1D395B}.Release|x64.Build.0 = Release|x64
		{6415CD49-0F2C-492D-AA78-C830ED1D395B}.Release|x86.ActiveCfg = Release|Win32
		{6415CD49-0F2C-492D-AA78-C830ED1D395B}.Release|x86.Build.0 = Release|Win32
		{8291686D-5D4F-406F-8AAF-E273991C67C8}.Debug|x64.ActiveCfg = Debug|x64
		{8291686D-5D4F-406F-8AAF-E273991C67C8}.Debug|x64.Build.0 = Debug|x64
		{8291686D-5D4F-406F-8AAF-E273991C67C8}.Debug|x86.ActiveCfg = Debug|Win32
		{8291686D-5D4F-406F-8AAF-E273991C67C8}.Debug|x86.Build.0 = Debug|Win32
		{8291686D-5D4F-406F-8AAF-E273991C67C8}.Release|x64.ActiveCfg = Release|x64
		{8291686D-5D4F-406F-8AAF-E273991C67C8}.Release|x64.Build.0 = Release|x64
		{8291686D-5D4F-406F-8AAF-E273991C67C8}.Release|x86.ActiveCfg = Release|Win32
		{8291686D-5D4F-406F-8AAF-E273991C67C8}.Release|x86.Build.0 = Release|Win32
		{533068FC-3962-413C-AD23-2C48DEEB2B7F}.Debug|x64.ActiveCfg = Debug|x64
		{533068FC-3962-413C-AD23-2C48DEEB2B7F}.Debug|x64.Build.0 = Debug|x64
		{533068FC-3962-413C-AD23-2C48DEEB2B7F}.Debug|x86.ActiveCfg = Debug|Win32
		{533068FC-3962-413C-AD23-2C48DEEB2B7F}.Debug|x86.Build.0 = Debug|Win32
		{533068FC-3962-413C-AD23-2C48DEEB2B7F}.Release|x64.ActiveCfg = Release|x64
		{533068FC-3962-413C-AD23-2C48DEEB2B7F}.Release|x64.Build.0 = Release|x64
		{533068FC-3962-413C-AD23-2C48DEEB2B7F}.Release|x86.ActiveCfg = Release|Win32
		{533068FC-3962-413C-AD23-2C48DEEB2B7F}.Release|x86.Build.0 = Release|Win32
		{CC77D33D-CDC3-4FE8-ADAC-F24B4E81156A}.Debug|x64.ActiveCfg = Debug|x64
		{CC77D33D-CDC3-4FE8-ADAC-F24B4E81156A}.Debug|x64.Build.0 = Debug|x64
		{CC77D33D-CDC3-4FE8-ADAC-F24B4E81156A}.Debug|x86.ActiveCfg = Debug|Win32
		{CC77D33D-CDC3-4FE8-ADAC-F24B4E81156A}.Debug|x86.Build.0 = Debug|Win32
		{CC77D33D-CDC3-4FE8-ADAC-F24B4E81156A}.Release|x64.ActiveCfg = Release|x64
		{CC77D33D-CDC3-4FE8-ADAC-F24B4E81156A}.Release|x64.Build.0 = Release|x64
		{CC77D33D-CDC3-4FE8-ADAC-F24B4E81156A}.Release|x86.ActiveCfg = Release|Win32
		{CC77D33D-CDC3-4FE8-ADAC-F24B4E81156A}.Release|x86.Build.0 = Release|Win32
		{F455F501-65E5-4CBD-84B0-0314DD92E358}.Debug|x64.ActiveCfg = Debug|x64
		{F455F501-65E5-4CBD-84B0-0314DD92E358}.Debug|x64.Build.0 = Debug|x64
		{F455F501-65E5-4CBD-84B0-0314DD92E358}.Debug|x86.ActiveCfg = Debug|Win32
		{F455F501-65E5-4CBD-84B0-0314DD92E358}.Debug|x86.Build.0 = Debug|Win32
		{F455F501-65E5-4CBD-84B0-0314DD92E358}.Release|x64.ActiveCfg = Release|x64
		{F455F501-65E5-4CBD-84B0-0314DD92E358}.Release|x64.Build.0 = Release|x64
		{F455F501-65E5-4CBD-84B0-0314DD92E358}.Release|x86.ActiveCfg = Release|Win32
		{F455F501-65E5-4CBD-84B0-0314DD92E358}.Release|x86.Build.0 = Release|Win32
	EndGlobalSection
	GlobalSection(SolutionProperties) = preSolution
		HideSolutionNode = FALSE
	EndGlobalSection
	GlobalSection(ExtensibilityGlobals) = postSolution
		SolutionGuid = {936BF5DE-695A-43DB-BF7F-F312332008C1}
	EndGlobalSection
EndGlobal
